Microsoft Visual Studio Solution File, Format Version 11.00
# Visual Studio 2008

Project("{5EC6E706-15D6-0FD3-07E4-8DF5C81FB458}") = "New Breakout", "Assembly-CSharp.csproj", "{7A917641-442D-932D-BDFE-09CE74B45812}"
EndProject
Project("{5EC6E706-15D6-0FD3-07E4-8DF5C81FB458}") = "New Breakout", "Assembly-CSharp-Editor.csproj", "{671C108D-7A34-5085-C65C-343CEDF812D0}"
EndProject
Global
	GlobalSection(SolutionConfigurationPlatforms) = preSolution
		Debug|Any CPU = Debug|Any CPU
		Release|Any CPU = Release|Any CPU
	EndGlobalSection
	GlobalSection(ProjectConfigurationPlatforms) = postSolution
		{7A917641-442D-932D-BDFE-09CE74B45812}.Debug|Any CPU.ActiveCfg = Debug|Any CPU
		{7A917641-442D-932D-BDFE-09CE74B45812}.Debug|Any CPU.Build.0 = Debug|Any CPU
		{7A917641-442D-932D-BDFE-09CE74B45812}.Release|Any CPU.ActiveCfg = Release|Any CPU
		{7A917641-442D-932D-BDFE-09CE74B45812}.Release|Any CPU.Build.0 = Release|Any CPU
		{671C108D-7A34-5085-C65C-343CEDF812D0}.Debug|Any CPU.ActiveCfg = Debug|Any CPU
		{671C108D-7A34-5085-C65C-343CEDF812D0}.Debug|Any CPU.Build.0 = Debug|Any CPU
		{671C108D-7A34-5085-C65C-343CEDF812D0}.Release|Any CPU.ActiveCfg = Release|Any CPU
		{671C108D-7A34-5085-C65C-343CEDF812D0}.Release|Any CPU.Build.0 = Release|Any CPU
	EndGlobalSection
	GlobalSection(SolutionProperties) = preSolution
		HideSolutionNode = FALSE
	EndGlobalSection
	GlobalSection(MonoDevelopProperties) = preSolution
		StartupItem = Assembly-CSharp.csproj
	EndGlobalSection
EndGlobal
